
Microsoft Visual Studio Solution File, Format Version 12.00
# Visual Studio Version 17
VisualStudioVersion = 17.0.32112.339
MinimumVisualStudioVersion = 10.0.40219.1
Project("{9A19103F-16F7-4668-BE54-9A1E7A4F7556}") = "PostService", "PostService\PostService.csproj", "{8AD73D37-9719-4688-BB6C-D78E9FBC5504}"
EndProject
Project("{E53339B2-1760-4266-BCC7-CA923CBCF16C}") = "docker-compose", "docker-compose.dcproj", "{A41DB121-555E-4371-9D70-60CC7019C690}"
EndProject
Global
	GlobalSection(SolutionConfigurationPlatforms) = preSolution
		Debug|Any CPU = Debug|Any CPU
		Release|Any CPU = Release|Any CPU
	EndGlobalSection
	GlobalSection(ProjectConfigurationPlatforms) = postSolution
		{8AD73D37-9719-4688-BB6C-D78E9FBC5504}.Debug|Any CPU.ActiveCfg = Debug|Any CPU
		{8AD73D37-9719-4688-BB6C-D78E9FBC5504}.Debug|Any CPU.Build.0 = Debug|Any CPU
		{8AD73D37-9719-4688-BB6C-D78E9FBC5504}.Release|Any CPU.ActiveCfg = Release|Any CPU
		{8AD73D37-9719-4688-BB6C-D78E9FBC5504}.Release|Any CPU.Build.0 = Release|Any CPU
		{A41DB121-555E-4371-9D70-60CC7019C690}.Debug|Any CPU.ActiveCfg = Debug|Any CPU
		{A41DB121-555E-4371-9D70-60CC7019C690}.Debug|Any CPU.Build.0 = Debug|Any CPU
		{A41DB121-555E-4371-9D70-60CC7019C690}.Release|Any CPU.ActiveCfg = Release|Any CPU
		{A41DB121-555E-4371-9D70-60CC7019C690}.Release|Any CPU.Build.0 = Release|Any CPU
	EndGlobalSection
	GlobalSection(SolutionProperties) = preSolution
		HideSolutionNode = FALSE
	EndGlobalSection
	GlobalSection(ExtensibilityGlobals) = postSolution
		SolutionGuid = {3B3A5AAA-3021-48F5-A924-AB5AAF0F9731}
	EndGlobalSection
EndGlobal
